
Microsoft Visual Studio Solution File, Format Version 12.00
# Visual Studio Version 17
VisualStudioVersion = 17.3.32519.111
MinimumVisualStudioVersion = 15.0.26124.0
Project("{9A19103F-16F7-4668-BE54-9A1E7A4F7556}") = "Service", "Service\Service.csproj", "{DFB19692-D0CD-4863-8EEF-5960B74CFCFC}"
EndProject
Project("{9A19103F-16F7-4668-BE54-9A1E7A4F7556}") = "Service.Test", "Service.Test\Service.Test.csproj", "{3C28F608-8B99-487F-845A-B7F6008ECCDC}"
EndProject
Project("{9A19103F-16F7-4668-BE54-9A1E7A4F7556}") = "Business", "Business\Business.csproj", "{0D87BF0F-3302-4F3F-BE41-AA1DFD86031E}"
EndProject
Project("{9A19103F-16F7-4668-BE54-9A1E7A4F7556}") = "DataAccess", "DataAccess\DataAccess.csproj", "{848519C3-496F-435D-9F8A-C4E89FE8DD60}"
EndProject
Project("{9A19103F-16F7-4668-BE54-9A1E7A4F7556}") = "Platform", "Platform\Platform.csproj", "{34C4A3EC-95D2-45ED-9C9B-CAD9AE81880E}"
EndProject
Project("{9A19103F-16F7-4668-BE54-9A1E7A4F7556}") = "Common", "Common\Common.csproj", "{08409E6D-23D2-49B2-A8B3-2BECA298FE6E}"
EndProject
Project("{2150E333-8FDC-42A3-9474-1A3956D46DE8}") = "CodeLibrary", "CodeLibrary", "{7B71059F-88D5-4D40-9805-DEFF8C7B1451}"
EndProject
Global
	GlobalSection(SolutionConfigurationPlatforms) = preSolution
		Debug|Any CPU = Debug|Any CPU
		Debug|x64 = Debug|x64
		Debug|x86 = Debug|x86
		Release|Any CPU = Release|Any CPU
		Release|x64 = Release|x64
		Release|x86 = Release|x86
	EndGlobalSection
	GlobalSection(ProjectConfigurationPlatforms) = postSolution
		{DFB19692-D0CD-4863-8EEF-5960B74CFCFC}.Debug|Any CPU.ActiveCfg = Debug|Any CPU
		{DFB19692-D0CD-4863-8EEF-5960B74CFCFC}.Debug|Any CPU.Build.0 = Debug|Any CPU
		{DFB19692-D0CD-4863-8EEF-5960B74CFCFC}.Debug|x64.ActiveCfg = Debug|Any CPU
		{DFB19692-D0CD-4863-8EEF-5960B74CFCFC}.Debug|x64.Build.0 = Debug|Any CPU
		{DFB19692-D0CD-4863-8EEF-5960B74CFCFC}.Debug|x86.ActiveCfg = Debug|Any CPU
		{DFB19692-D0CD-4863-8EEF-5960B74CFCFC}.Debug|x86.Build.0 = Debug|Any CPU
		{DFB19692-D0CD-4863-8EEF-5960B74CFCFC}.Release|Any CPU.ActiveCfg = Release|Any CPU
		{DFB19692-D0CD-4863-8EEF-5960B74CFCFC}.Release|Any CPU.Build.0 = Release|Any CPU
		{DFB19692-D0CD-4863-8EEF-5960B74CFCFC}.Release|x64.ActiveCfg = Release|Any CPU
		{DFB19692-D0CD-4863-8EEF-5960B74CFCFC}.Release|x64.Build.0 = Release|Any CPU
		{DFB19692-D0CD-4863-8EEF-5960B74CFCFC}.Release|x86.ActiveCfg = Release|Any CPU
		{DFB19692-D0CD-4863-8EEF-5960B74CFCFC}.Release|x86.Build.0 = Release|Any CPU
		{3C28F608-8B99-487F-845A-B7F6008ECCDC}.Debug|Any CPU.ActiveCfg = Debug|Any CPU
		{3C28F608-8B99-487F-845A-B7F6008ECCDC}.Debug|Any CPU.Build.0 = Debug|Any CPU
		{3C28F608-8B99-487F-845A-B7F6008ECCDC}.Debug|x64.ActiveCfg = Debug|Any CPU
		{3C28F608-8B99-487F-845A-B7F6008ECCDC}.Debug|x64.Build.0 = Debug|Any CPU
		{3C28F608-8B99-487F-845A-B7F6008ECCDC}.Debug|x86.ActiveCfg = Debug|Any CPU
		{3C28F608-8B99-487F-845A-B7F6008ECCDC}.Debug|x86.Build.0 = Debug|Any CPU
		{3C28F608-8B99-487F-845A-B7F6008ECCDC}.Release|Any CPU.ActiveCfg = Release|Any CPU
		{3C28F608-8B99-487F-845A-B7F6008ECCDC}.Release|Any CPU.Build.0 = Release|Any CPU
		{3C28F608-8B99-487F-845A-B7F6008ECCDC}.Release|x64.ActiveCfg = Release|Any CPU
		{3C28F608-8B99-487F-845A-B7F6008ECCDC}.Release|x64.Build.0 = Release|Any CPU
		{3C28F608-8B99-487F-845A-B7F6008ECCDC}.Release|x86.ActiveCfg = Release|Any CPU
		{3C28F608-8B99-487F-845A-B7F6008ECCDC}.Release|x86.Build.0 = Release|Any CPU
		{0D87BF0F-3302-4F3F-BE41-AA1DFD86031E}.Debug|Any CPU.ActiveCfg = Debug|Any CPU
		{0D87BF0F-3302-4F3F-BE41-AA1DFD86031E}.Debug|Any CPU.Build.0 = Debug|Any CPU
		{0D87BF0F-3302-4F3F-BE41-AA1DFD86031E}.Debug|x64.ActiveCfg = Debug|Any CPU
		{0D87BF0F-3302-4F3F-BE41-AA1DFD86031E}.Debug|x64.Build.0 = Debug|Any CPU
		{0D87BF0F-3302-4F3F-BE41-AA1DFD86031E}.Debug|x86.ActiveCfg = Debug|Any CPU
		{0D87BF0F-3302-4F3F-BE41-AA1DFD86031E}.Debug|x86.Build.0 = Debug|Any CPU
		{0D87BF0F-3302-4F3F-BE41-AA1DFD86031E}.Release|Any CPU.ActiveCfg = Release|Any CPU
		{0D87BF0F-3302-4F3F-BE41-AA1DFD86031E}.Release|Any CPU.Build.0 = Release|Any CPU
		{0D87BF0F-3302-4F3F-BE41-AA1DFD86031E}.Release|x64.ActiveCfg = Release|Any CPU
		{0D87BF0F-3302-4F3F-BE41-AA1DFD86031E}.Release|x64.Build.0 = Release|Any CPU
		{0D87BF0F-3302-4F3F-BE41-AA1DFD86031E}.Release|x86.ActiveCfg = Release|Any CPU
		{0D87BF0F-3302-4F3F-BE41-AA1DFD86031E}.Release|x86.Build.0 = Release|Any CPU
		{848519C3-496F-435D-9F8A-C4E89FE8DD60}.Debug|Any CPU.ActiveCfg = Debug|Any CPU
		{848519C3-496F-435D-9F8A-C4E89FE8DD60}.Debug|Any CPU.Build.0 = Debug|Any CPU
		{848519C3-496F-435D-9F8A-C4E89FE8DD60}.Debug|x64.ActiveCfg = Debug|Any CPU
		{848519C3-496F-435D-9F8A-C4E89FE8DD60}.Debug|x64.Build.0 = Debug|Any CPU
		{848519C3-496F-435D-9F8A-C4E89FE8DD60}.Debug|x86.ActiveCfg = Debug|Any CPU
		{848519C3-496F-435D-9F8A-C4E89FE8DD60}.Debug|x86.Build.0 = Debug|Any CPU
		{848519C3-496F-435D-9F8A-C4E89FE8DD60}.Release|Any CPU.ActiveCfg = Release|Any CPU
		{848519C3-496F-435D-9F8A-C4E89FE8DD60}.Release|Any CPU.Build.0 = Release|Any CPU
		{848519C3-496F-435D-9F8A-C4E89FE8DD60}.Release|x64.ActiveCfg = Release|Any CPU
		{848519C3-496F-435D-9F8A-C4E89FE8DD60}.Release|x64.Build.0 = Release|Any CPU
		{848519C3-496F-435D-9F8A-C4E89FE8DD60}.Release|x86.ActiveCfg = Release|Any CPU
		{848519C3-496F-435D-9F8A-C4E89FE8DD60}.Release|x86.Build.0 = Release|Any CPU
		{34C4A3EC-95D2-45ED-9C9B-CAD9AE81880E}.Debug|Any CPU.ActiveCfg = Debug|Any CPU
		{34C4A3EC-95D2-45ED-9C9B-CAD9AE81880E}.Debug|Any CPU.Build.0 = Debug|Any CPU
		{34C4A3EC-95D2-45ED-9C9B-CAD9AE81880E}.Debug|x64.ActiveCfg = Debug|Any CPU
		{34C4A3EC-95D2-45ED-9C9B-CAD9AE81880E}.Debug|x64.Build.0 = Debug|Any CPU
		{34C4A3EC-95D2-45ED-9C9B-CAD9AE81880E}.Debug|x86.ActiveCfg = Debug|Any CPU
		{34C4A3EC-95D2-45ED-9C9B-CAD9AE81880E}.Debug|x86.Build.0 = Debug|Any CPU
		{34C4A3EC-95D2-45ED-9C9B-CAD9AE81880E}.Release|Any CPU.ActiveCfg = Release|Any CPU
		{34C4A3EC-95D2-45ED-9C9B-CAD9AE81880E}.Release|Any CPU.Build.0 = Release|Any CPU
		{34C4A3EC-95D2-45ED-9C9B-CAD9AE81880E}.Release|x64.ActiveCfg = Release|Any CPU
		{34C4A3EC-95D2-45ED-9C9B-CAD9AE81880E}.Release|x64.Build.0 = Release|Any CPU
		{34C4A3EC-95D2-45ED-9C9B-CAD9AE81880E}.Release|x86.ActiveCfg = Release|Any CPU
		{34C4A3EC-95D2-45ED-9C9B-CAD9AE81880E}.Release|x86.Build.0 = Release|Any CPU
		{08409E6D-23D2-49B2-A8B3-2BECA298FE6E}.Debug|Any CPU.ActiveCfg = Debug|Any CPU
		{08409E6D-23D2-49B2-A8B3-2BECA298FE6E}.Debug|Any CPU.Build.0 = Debug|Any CPU
		{08409E6D-23D2-49B2-A8B3-2BECA298FE6E}.Debug|x64.ActiveCfg = Debug|Any CPU
		{08409E6D-23D2-49B2-A8B3-2BECA298FE6E}.Debug|x64.Build.0 = Debug|Any CPU
		{08409E6D-23D2-49B2-A8B3-2BECA298FE6E}.Debug|x86.ActiveCfg = Debug|Any CPU
		{08409E6D-23D2-49B2-A8B3-2BECA298FE6E}.Debug|x86.Build.0 = Debug|Any CPU
		{08409E6D-23D2-49B2-A8B3-2BECA298FE6E}.Release|Any CPU.ActiveCfg = Release|Any CPU
		{08409E6D-23D2-49B2-A8B3-2BECA298FE6E}.Release|Any CPU.Build.0 = Release|Any CPU
		{08409E6D-23D2-49B2-A8B3-2BECA298FE6E}.Release|x64.ActiveCfg = Release|Any CPU
		{08409E6D-23D2-49B2-A8B3-2BECA298FE6E}.Release|x64.Build.0 = Release|Any CPU
		{08409E6D-23D2-49B2-A8B3-2BECA298FE6E}.Release|x86.ActiveCfg = Release|Any CPU
		{08409E6D-23D2-49B2-A8B3-2BECA298FE6E}.Release|x86.Build.0 = Release|Any CPU
	EndGlobalSection
	GlobalSection(SolutionProperties) = preSolution
		HideSolutionNode = FALSE
	EndGlobalSection
	GlobalSection(NestedProjects) = preSolution
		{0D87BF0F-3302-4F3F-BE41-AA1DFD86031E} = {7B71059F-88D5-4D40-9805-DEFF8C7B1451}
		{848519C3-496F-435D-9F8A-C4E89FE8DD60} = {7B71059F-88D5-4D40-9805-DEFF8C7B1451}
		{34C4A3EC-95D2-45ED-9C9B-CAD9AE81880E} = {7B71059F-88D5-4D40-9805-DEFF8C7B1451}
		{08409E6D-23D2-49B2-A8B3-2BECA298FE6E} = {7B71059F-88D5-4D40-9805-DEFF8C7B1451}
	EndGlobalSection
	GlobalSection(ExtensibilityGlobals) = postSolution
		SolutionGuid = {FA42D7C1-7A7B-4048-84E0-B61E1CDE96C9}
	EndGlobalSection
EndGlobal
